
Microsoft Visual Studio Solution File, Format Version 12.00
# Visual Studio Version 17
VisualStudioVersion = 17.0.32112.339
MinimumVisualStudioVersion = 10.0.40219.1
Project("{FAE04EC0-301F-11D3-BF4B-00C04F79EFBC}") = "Domain", "Domain\Domain.csproj", "{52B3C8E9-9F64-4091-9D24-A5ADBA2D8F20}"
EndProject
Project("{FAE04EC0-301F-11D3-BF4B-00C04F79EFBC}") = "Application", "Application\Application.csproj", "{5AB3C98B-3009-4653-B022-EF1C42612618}"
EndProject
Project("{FAE04EC0-301F-11D3-BF4B-00C04F79EFBC}") = "Tests", "Tests\Tests.csproj", "{3966BC94-21DF-460E-A22F-5E3D1384CE11}"
EndProject
Project("{FAE04EC0-301F-11D3-BF4B-00C04F79EFBC}") = "BuildingBlocks", "BuildingBlocks\BuildingBlocks.csproj", "{BEAAAE6B-5DDB-49C2-8664-F361D2B2FC49}"
EndProject
Global
	GlobalSection(SolutionConfigurationPlatforms) = preSolution
		Debug|Any CPU = Debug|Any CPU
		Release|Any CPU = Release|Any CPU
	EndGlobalSection
	GlobalSection(ProjectConfigurationPlatforms) = postSolution
		{52B3C8E9-9F64-4091-9D24-A5ADBA2D8F20}.Debug|Any CPU.ActiveCfg = Debug|Any CPU
		{52B3C8E9-9F64-4091-9D24-A5ADBA2D8F20}.Debug|Any CPU.Build.0 = Debug|Any CPU
		{52B3C8E9-9F64-4091-9D24-A5ADBA2D8F20}.Release|Any CPU.ActiveCfg = Release|Any CPU
		{52B3C8E9-9F64-4091-9D24-A5ADBA2D8F20}.Release|Any CPU.Build.0 = Release|Any CPU
		{5AB3C98B-3009-4653-B022-EF1C42612618}.Debug|Any CPU.ActiveCfg = Debug|Any CPU
		{5AB3C98B-3009-4653-B022-EF1C42612618}.Debug|Any CPU.Build.0 = Debug|Any CPU
		{5AB3C98B-3009-4653-B022-EF1C42612618}.Release|Any CPU.ActiveCfg = Release|Any CPU
		{5AB3C98B-3009-4653-B022-EF1C42612618}.Release|Any CPU.Build.0 = Release|Any CPU
		{3966BC94-21DF-460E-A22F-5E3D1384CE11}.Debug|Any CPU.ActiveCfg = Debug|Any CPU
		{3966BC94-21DF-460E-A22F-5E3D1384CE11}.Debug|Any CPU.Build.0 = Debug|Any CPU
		{3966BC94-21DF-460E-A22F-5E3D1384CE11}.Release|Any CPU.ActiveCfg = Release|Any CPU
		{3966BC94-21DF-460E-A22F-5E3D1384CE11}.Release|Any CPU.Build.0 = Release|Any CPU
		{BEAAAE6B-5DDB-49C2-8664-F361D2B2FC49}.Debug|Any CPU.ActiveCfg = Debug|Any CPU
		{BEAAAE6B-5DDB-49C2-8664-F361D2B2FC49}.Debug|Any CPU.Build.0 = Debug|Any CPU
		{BEAAAE6B-5DDB-49C2-8664-F361D2B2FC49}.Release|Any CPU.ActiveCfg = Release|Any CPU
		{BEAAAE6B-5DDB-49C2-8664-F361D2B2FC49}.Release|Any CPU.Build.0 = Release|Any CPU
	EndGlobalSection
	GlobalSection(SolutionProperties) = preSolution
		HideSolutionNode = FALSE
	EndGlobalSection
	GlobalSection(ExtensibilityGlobals) = postSolution
		SolutionGuid = {19296F46-510A-4F1F-B0CA-B23F0A48E8EA}
	EndGlobalSection
EndGlobal
